
Microsoft Visual Studio Solution File, Format Version 12.00
# Visual Studio Version 17
VisualStudioVersion = 17.8.34525.116
MinimumVisualStudioVersion = 10.0.40219.1
Project("{FAE04EC0-301F-11D3-BF4B-00C04F79EFBC}") = "prob1Task2", "prob1Task2\prob1Task2.csproj", "{4A8251F8-3838-4DE0-9D84-7C4280AE2AF3}"
EndProject
Global
	GlobalSection(SolutionConfigurationPlatforms) = preSolution
		Debug|Any CPU = Debug|Any CPU
		Release|Any CPU = Release|Any CPU
	EndGlobalSection
	GlobalSection(ProjectConfigurationPlatforms) = postSolution
		{4A8251F8-3838-4DE0-9D84-7C4280AE2AF3}.Debug|Any CPU.ActiveCfg = Debug|Any CPU
		{4A8251F8-3838-4DE0-9D84-7C4280AE2AF3}.Debug|Any CPU.Build.0 = Debug|Any CPU
		{4A8251F8-3838-4DE0-9D84-7C4280AE2AF3}.Release|Any CPU.ActiveCfg = Release|Any CPU
		{4A8251F8-3838-4DE0-9D84-7C4280AE2AF3}.Release|Any CPU.Build.0 = Release|Any CPU
	EndGlobalSection
	GlobalSection(SolutionProperties) = preSolution
		HideSolutionNode = FALSE
	EndGlobalSection
	GlobalSection(ExtensibilityGlobals) = postSolution
		SolutionGuid = {DE2AE39E-8413-4151-8D43-4B240F1F9151}
	EndGlobalSection
EndGlobal
